// !$*UTF8*$!
{
	archiveVersion = 1;
	classes = {
	};
	objectVersion = 46;
	objects = {

/* Begin PBXBuildFile section */
		10010564222EF5BA00917BB1 /* SetupTests.swift in Sources */ = {isa = PBXBuildFile; fileRef = 10010563222EF5BA00917BB1 /* SetupTests.swift */; };
		1006793422288058007386A7 /* RecorderEquatableTests.swift in Sources */ = {isa = PBXBuildFile; fileRef = 1006793322288058007386A7 /* RecorderEquatableTests.swift */; };
		101FEA4A221B4EE400C70FE6 /* StubKitExample.h in Headers */ = {isa = PBXBuildFile; fileRef = 101FEA3C221B4EE400C70FE6 /* StubKitExample.h */; settings = {ATTRIBUTES = (Public, ); }; };
		101FEA51221B4EF100C70FE6 /* SpiesTests.swift in Sources */ = {isa = PBXBuildFile; fileRef = 607FACEB1AFB9204008FA782 /* SpiesTests.swift */; };
		101FEA53221B50D400C70FE6 /* ArgRecordsTests.swift in Sources */ = {isa = PBXBuildFile; fileRef = 101FEA52221B50D400C70FE6 /* ArgRecordsTests.swift */; };
		101FEA55221B53F200C70FE6 /* WeakScopeWorker.swift in Sources */ = {isa = PBXBuildFile; fileRef = 101FEA54221B53F200C70FE6 /* WeakScopeWorker.swift */; };
		101FEA57221B54CE00C70FE6 /* ArgWeakRecordsTests.swift in Sources */ = {isa = PBXBuildFile; fileRef = 101FEA56221B54CE00C70FE6 /* ArgWeakRecordsTests.swift */; };
		101FEA59221B588700C70FE6 /* StubTests.swift in Sources */ = {isa = PBXBuildFile; fileRef = 101FEA58221B588700C70FE6 /* StubTests.swift */; };
		104727A022229F8200D04886 /* SpyCallsTests.swift in Sources */ = {isa = PBXBuildFile; fileRef = 1047279F22229F8200D04886 /* SpyCallsTests.swift */; };
		104727A22222A31900D04886 /* TestStubMock.swift in Sources */ = {isa = PBXBuildFile; fileRef = 104727A12222A31900D04886 /* TestStubMock.swift */; };
		104727A42222A34800D04886 /* TestStubThrowingMock.swift in Sources */ = {isa = PBXBuildFile; fileRef = 104727A32222A34800D04886 /* TestStubThrowingMock.swift */; };
		104727A62222A37800D04886 /* SpyCallsThrowingTests.swift in Sources */ = {isa = PBXBuildFile; fileRef = 104727A52222A37800D04886 /* SpyCallsThrowingTests.swift */; };
		1054B198221F435100F7224B /* Dummy.swift in Sources */ = {isa = PBXBuildFile; fileRef = 1054B197221F435100F7224B /* Dummy.swift */; };
		10722780223425F800C68B43 /* VerifyTests.swift in Sources */ = {isa = PBXBuildFile; fileRef = 1072277F223425F800C68B43 /* VerifyTests.swift */; };
		10A1F0B822213D6A0046A49B /* StubThrowingTests.swift in Sources */ = {isa = PBXBuildFile; fileRef = 10A1F0B722213D6A0046A49B /* StubThrowingTests.swift */; };
		10A1F0BA22217C130046A49B /* RegisterTests.swift in Sources */ = {isa = PBXBuildFile; fileRef = 10A1F0B922217C130046A49B /* RegisterTests.swift */; };
		10A1F0BD22219F660046A49B /* TestProtocolGlobal.swift in Sources */ = {isa = PBXBuildFile; fileRef = 10A1F0BC22219F660046A49B /* TestProtocolGlobal.swift */; };
		10A1F0BF22219F7A0046A49B /* TypesGlobal.swift in Sources */ = {isa = PBXBuildFile; fileRef = 10A1F0BE22219F7A0046A49B /* TypesGlobal.swift */; };
		10A1F0C122219FB40046A49B /* TestStrictStubMockGlobal.swift in Sources */ = {isa = PBXBuildFile; fileRef = 10A1F0C022219FB40046A49B /* TestStrictStubMockGlobal.swift */; };
		10A1F0C322219FEC0046A49B /* TestProtocolGlobalThrowing.swift in Sources */ = {isa = PBXBuildFile; fileRef = 10A1F0C222219FEC0046A49B /* TestProtocolGlobalThrowing.swift */; };
		10A1F0C52221A0730046A49B /* NiceStubTests.swift in Sources */ = {isa = PBXBuildFile; fileRef = 10A1F0C42221A0730046A49B /* NiceStubTests.swift */; };
		10A1F0C72221A83C0046A49B /* NiceStubThrowingTests.swift in Sources */ = {isa = PBXBuildFile; fileRef = 10A1F0C62221A83C0046A49B /* NiceStubThrowingTests.swift */; };
		10A20E132236C54C0044E454 /* SequenceCallbacksTests.swift in Sources */ = {isa = PBXBuildFile; fileRef = 10A20E122236C54C0044E454 /* SequenceCallbacksTests.swift */; };
		10A20E152236D3E50044E454 /* AsyncVerificationTests.swift in Sources */ = {isa = PBXBuildFile; fileRef = 10A20E142236D3E50044E454 /* AsyncVerificationTests.swift */; };
		10C1C5DB22350A2700ED3088 /* StubExpectationTests.swift in Sources */ = {isa = PBXBuildFile; fileRef = 10C1C5DA22350A2700ED3088 /* StubExpectationTests.swift */; };
		10C1C5E122355C1800ED3088 /* VerifyFailingTests.swift in Sources */ = {isa = PBXBuildFile; fileRef = 10C1C5E022355C1800ED3088 /* VerifyFailingTests.swift */; };
		8D0F827A52A6293F9BC4809E /* Pods_StubKitExample.framework in Frameworks */ = {isa = PBXBuildFile; fileRef = 7F2E39CD1AD7EB2848F2E799 /* Pods_StubKitExample.framework */; };
		BEE187B288D3893CC1FC972F /* Pods_StubKitExampleTests.framework in Frameworks */ = {isa = PBXBuildFile; fileRef = 6F2B140D858841FF911437E0 /* Pods_StubKitExampleTests.framework */; };
/* End PBXBuildFile section */

/* Begin PBXContainerItemProxy section */
		101FEA44221B4EE400C70FE6 /* PBXContainerItemProxy */ = {
			isa = PBXContainerItemProxy;
			containerPortal = 607FACC81AFB9204008FA782 /* Project object */;
			proxyType = 1;
			remoteGlobalIDString = 101FEA39221B4EE400C70FE6;
			remoteInfo = StubKitExample;
		};
/* End PBXContainerItemProxy section */

/* Begin PBXFileReference section */
		10010563222EF5BA00917BB1 /* SetupTests.swift */ = {isa = PBXFileReference; lastKnownFileType = sourcecode.swift; path = SetupTests.swift; sourceTree = "<group>"; };
		10067930222851CF007386A7 /* README.md */ = {isa = PBXFileReference; lastKnownFileType = net.daringfireball.markdown; name = README.md; path = ../README.md; sourceTree = "<group>"; };
		1006793322288058007386A7 /* RecorderEquatableTests.swift */ = {isa = PBXFileReference; lastKnownFileType = sourcecode.swift; path = RecorderEquatableTests.swift; sourceTree = "<group>"; };
		10067935222BE178007386A7 /* documentation.md */ = {isa = PBXFileReference; lastKnownFileType = net.daringfireball.markdown; name = documentation.md; path = ../docs/documentation.md; sourceTree = "<group>"; };
		101FEA3A221B4EE400C70FE6 /* StubKitExample.framework */ = {isa = PBXFileReference; explicitFileType = wrapper.framework; includeInIndex = 0; path = StubKitExample.framework; sourceTree = BUILT_PRODUCTS_DIR; };
		101FEA3C221B4EE400C70FE6 /* StubKitExample.h */ = {isa = PBXFileReference; lastKnownFileType = sourcecode.c.h; path = StubKitExample.h; sourceTree = "<group>"; };
		101FEA3D221B4EE400C70FE6 /* Info.plist */ = {isa = PBXFileReference; lastKnownFileType = text.plist.xml; path = Info.plist; sourceTree = "<group>"; };
		101FEA42221B4EE400C70FE6 /* StubKitExampleTests.xctest */ = {isa = PBXFileReference; explicitFileType = wrapper.cfbundle; includeInIndex = 0; path = StubKitExampleTests.xctest; sourceTree = BUILT_PRODUCTS_DIR; };
		101FEA49221B4EE400C70FE6 /* Info.plist */ = {isa = PBXFileReference; lastKnownFileType = text.plist.xml; path = Info.plist; sourceTree = "<group>"; };
		101FEA52221B50D400C70FE6 /* ArgRecordsTests.swift */ = {isa = PBXFileReference; lastKnownFileType = sourcecode.swift; path = ArgRecordsTests.swift; sourceTree = "<group>"; };
		101FEA54221B53F200C70FE6 /* WeakScopeWorker.swift */ = {isa = PBXFileReference; lastKnownFileType = sourcecode.swift; path = WeakScopeWorker.swift; sourceTree = "<group>"; };
		101FEA56221B54CE00C70FE6 /* ArgWeakRecordsTests.swift */ = {isa = PBXFileReference; lastKnownFileType = sourcecode.swift; path = ArgWeakRecordsTests.swift; sourceTree = "<group>"; };
		101FEA58221B588700C70FE6 /* StubTests.swift */ = {isa = PBXFileReference; lastKnownFileType = sourcecode.swift; path = StubTests.swift; sourceTree = "<group>"; };
		1047279F22229F8200D04886 /* SpyCallsTests.swift */ = {isa = PBXFileReference; lastKnownFileType = sourcecode.swift; path = SpyCallsTests.swift; sourceTree = "<group>"; };
		104727A12222A31900D04886 /* TestStubMock.swift */ = {isa = PBXFileReference; lastKnownFileType = sourcecode.swift; path = TestStubMock.swift; sourceTree = "<group>"; };
		104727A32222A34800D04886 /* TestStubThrowingMock.swift */ = {isa = PBXFileReference; lastKnownFileType = sourcecode.swift; path = TestStubThrowingMock.swift; sourceTree = "<group>"; };
		104727A52222A37800D04886 /* SpyCallsThrowingTests.swift */ = {isa = PBXFileReference; lastKnownFileType = sourcecode.swift; path = SpyCallsThrowingTests.swift; sourceTree = "<group>"; };
		1054B197221F435100F7224B /* Dummy.swift */ = {isa = PBXFileReference; lastKnownFileType = sourcecode.swift; path = Dummy.swift; sourceTree = "<group>"; };
		1054B1A2221F4EC100F7224B /* StubKit.framework */ = {isa = PBXFileReference; lastKnownFileType = wrapper.framework; name = StubKit.framework; path = "DerivedData/StubKitExample/Build/Products/Debug-iphonesimulator/StubKit/StubKit.framework"; sourceTree = "<group>"; };
		1072277F223425F800C68B43 /* VerifyTests.swift */ = {isa = PBXFileReference; lastKnownFileType = sourcecode.swift; path = VerifyTests.swift; sourceTree = "<group>"; };
		10A1F0B722213D6A0046A49B /* StubThrowingTests.swift */ = {isa = PBXFileReference; lastKnownFileType = sourcecode.swift; path = StubThrowingTests.swift; sourceTree = "<group>"; };
		10A1F0B922217C130046A49B /* RegisterTests.swift */ = {isa = PBXFileReference; lastKnownFileType = sourcecode.swift; path = RegisterTests.swift; sourceTree = "<group>"; };
		10A1F0BC22219F660046A49B /* TestProtocolGlobal.swift */ = {isa = PBXFileReference; lastKnownFileType = sourcecode.swift; path = TestProtocolGlobal.swift; sourceTree = "<group>"; };
		10A1F0BE22219F7A0046A49B /* TypesGlobal.swift */ = {isa = PBXFileReference; lastKnownFileType = sourcecode.swift; path = TypesGlobal.swift; sourceTree = "<group>"; };
		10A1F0C022219FB40046A49B /* TestStrictStubMockGlobal.swift */ = {isa = PBXFileReference; lastKnownFileType = sourcecode.swift; path = TestStrictStubMockGlobal.swift; sourceTree = "<group>"; };
		10A1F0C222219FEC0046A49B /* TestProtocolGlobalThrowing.swift */ = {isa = PBXFileReference; lastKnownFileType = sourcecode.swift; path = TestProtocolGlobalThrowing.swift; sourceTree = "<group>"; };
		10A1F0C42221A0730046A49B /* NiceStubTests.swift */ = {isa = PBXFileReference; lastKnownFileType = sourcecode.swift; path = NiceStubTests.swift; sourceTree = "<group>"; };
		10A1F0C62221A83C0046A49B /* NiceStubThrowingTests.swift */ = {isa = PBXFileReference; lastKnownFileType = sourcecode.swift; path = NiceStubThrowingTests.swift; sourceTree = "<group>"; };
		10A20E122236C54C0044E454 /* SequenceCallbacksTests.swift */ = {isa = PBXFileReference; lastKnownFileType = sourcecode.swift; path = SequenceCallbacksTests.swift; sourceTree = "<group>"; };
		10A20E142236D3E50044E454 /* AsyncVerificationTests.swift */ = {isa = PBXFileReference; lastKnownFileType = sourcecode.swift; path = AsyncVerificationTests.swift; sourceTree = "<group>"; };
		10C1C5DA22350A2700ED3088 /* StubExpectationTests.swift */ = {isa = PBXFileReference; lastKnownFileType = sourcecode.swift; path = StubExpectationTests.swift; sourceTree = "<group>"; };
		10C1C5E022355C1800ED3088 /* VerifyFailingTests.swift */ = {isa = PBXFileReference; lastKnownFileType = sourcecode.swift; path = VerifyFailingTests.swift; sourceTree = "<group>"; };
		15E889CDDEE965D3C70C01AF /* LICENSE */ = {isa = PBXFileReference; includeInIndex = 1; lastKnownFileType = text; name = LICENSE; path = ../LICENSE; sourceTree = "<group>"; };
		455150DF30D081B8E2481DB1 /* Pods-StubKitExampleTests.debug.xcconfig */ = {isa = PBXFileReference; includeInIndex = 1; lastKnownFileType = text.xcconfig; name = "Pods-StubKitExampleTests.debug.xcconfig"; path = "Pods/Target Support Files/Pods-StubKitExampleTests/Pods-StubKitExampleTests.debug.xcconfig"; sourceTree = "<group>"; };
		607FACEB1AFB9204008FA782 /* SpiesTests.swift */ = {isa = PBXFileReference; lastKnownFileType = sourcecode.swift; path = SpiesTests.swift; sourceTree = "<group>"; };
		6F2B140D858841FF911437E0 /* Pods_StubKitExampleTests.framework */ = {isa = PBXFileReference; explicitFileType = wrapper.framework; includeInIndex = 0; path = Pods_StubKitExampleTests.framework; sourceTree = BUILT_PRODUCTS_DIR; };
		7F2E39CD1AD7EB2848F2E799 /* Pods_StubKitExample.framework */ = {isa = PBXFileReference; explicitFileType = wrapper.framework; includeInIndex = 0; path = Pods_StubKitExample.framework; sourceTree = BUILT_PRODUCTS_DIR; };
		7F4FD1EA4F21A23D12DC39EF /* StubKit.podspec */ = {isa = PBXFileReference; includeInIndex = 1; lastKnownFileType = text; name = StubKit.podspec; path = ../StubKit.podspec; sourceTree = "<group>"; xcLanguageSpecificationIdentifier = xcode.lang.ruby; };
		BEF71174EF6E7A471B6604F4 /* Pods-StubKitExampleTests.release.xcconfig */ = {isa = PBXFileReference; includeInIndex = 1; lastKnownFileType = text.xcconfig; name = "Pods-StubKitExampleTests.release.xcconfig"; path = "Pods/Target Support Files/Pods-StubKitExampleTests/Pods-StubKitExampleTests.release.xcconfig"; sourceTree = "<group>"; };
		C88F310B002FAD416BAA3FCC /* README.md */ = {isa = PBXFileReference; includeInIndex = 1; lastKnownFileType = net.daringfireball.markdown; name = README.md; path = ../README.md; sourceTree = "<group>"; };
		CBE2FDD2BC675DB11757BD0D /* Pods-StubKitExample.release.xcconfig */ = {isa = PBXFileReference; includeInIndex = 1; lastKnownFileType = text.xcconfig; name = "Pods-StubKitExample.release.xcconfig"; path = "Pods/Target Support Files/Pods-StubKitExample/Pods-StubKitExample.release.xcconfig"; sourceTree = "<group>"; };
		FB2561A9C9BF064F2A2863E7 /* Pods-StubKitExample.debug.xcconfig */ = {isa = PBXFileReference; includeInIndex = 1; lastKnownFileType = text.xcconfig; name = "Pods-StubKitExample.debug.xcconfig"; path = "Pods/Target Support Files/Pods-StubKitExample/Pods-StubKitExample.debug.xcconfig"; sourceTree = "<group>"; };
/* End PBXFileReference section */

/* Begin PBXFrameworksBuildPhase section */
		101FEA37221B4EE400C70FE6 /* Frameworks */ = {
			isa = PBXFrameworksBuildPhase;
			buildActionMask = 2147483647;
			files = (
				8D0F827A52A6293F9BC4809E /* Pods_StubKitExample.framework in Frameworks */,
			);
			runOnlyForDeploymentPostprocessing = 0;
		};
		101FEA3F221B4EE400C70FE6 /* Frameworks */ = {
			isa = PBXFrameworksBuildPhase;
			buildActionMask = 2147483647;
			files = (
				BEE187B288D3893CC1FC972F /* Pods_StubKitExampleTests.framework in Frameworks */,
			);
			runOnlyForDeploymentPostprocessing = 0;
		};
/* End PBXFrameworksBuildPhase section */

/* Begin PBXGroup section */
		101FEA3B221B4EE400C70FE6 /* StubKitExample */ = {
			isa = PBXGroup;
			children = (
				101FEA3C221B4EE400C70FE6 /* StubKitExample.h */,
				101FEA3D221B4EE400C70FE6 /* Info.plist */,
				1054B197221F435100F7224B /* Dummy.swift */,
			);
			path = StubKitExample;
			sourceTree = "<group>";
		};
		101FEA46221B4EE400C70FE6 /* StubKitExampleTests */ = {
			isa = PBXGroup;
			children = (
				10A1F0BB22219F590046A49B /* Global */,
				607FACEB1AFB9204008FA782 /* SpiesTests.swift */,
				101FEA49221B4EE400C70FE6 /* Info.plist */,
				101FEA52221B50D400C70FE6 /* ArgRecordsTests.swift */,
				101FEA54221B53F200C70FE6 /* WeakScopeWorker.swift */,
				101FEA56221B54CE00C70FE6 /* ArgWeakRecordsTests.swift */,
				101FEA58221B588700C70FE6 /* StubTests.swift */,
				10A1F0B722213D6A0046A49B /* StubThrowingTests.swift */,
				10A1F0B922217C130046A49B /* RegisterTests.swift */,
				10010563222EF5BA00917BB1 /* SetupTests.swift */,
				10A1F0C42221A0730046A49B /* NiceStubTests.swift */,
				10A1F0C62221A83C0046A49B /* NiceStubThrowingTests.swift */,
				1047279F22229F8200D04886 /* SpyCallsTests.swift */,
				104727A52222A37800D04886 /* SpyCallsThrowingTests.swift */,
				1006793322288058007386A7 /* RecorderEquatableTests.swift */,
				1072277F223425F800C68B43 /* VerifyTests.swift */,
				10C1C5E022355C1800ED3088 /* VerifyFailingTests.swift */,
				10C1C5DA22350A2700ED3088 /* StubExpectationTests.swift */,
				10A20E122236C54C0044E454 /* SequenceCallbacksTests.swift */,
				10A20E142236D3E50044E454 /* AsyncVerificationTests.swift */,
			);
			path = StubKitExampleTests;
			sourceTree = "<group>";
		};
		10A1F0BB22219F590046A49B /* Global */ = {
			isa = PBXGroup;
			children = (
				10A1F0BC22219F660046A49B /* TestProtocolGlobal.swift */,
				10A1F0BE22219F7A0046A49B /* TypesGlobal.swift */,
				10A1F0C022219FB40046A49B /* TestStrictStubMockGlobal.swift */,
				10A1F0C222219FEC0046A49B /* TestProtocolGlobalThrowing.swift */,
				104727A12222A31900D04886 /* TestStubMock.swift */,
				104727A32222A34800D04886 /* TestStubThrowingMock.swift */,
			);
			path = Global;
			sourceTree = "<group>";
		};
		34F9EBBBE49770C035348730 /* Frameworks */ = {
			isa = PBXGroup;
			children = (
				1054B1A2221F4EC100F7224B /* StubKit.framework */,
				7F2E39CD1AD7EB2848F2E799 /* Pods_StubKitExample.framework */,
				6F2B140D858841FF911437E0 /* Pods_StubKitExampleTests.framework */,
			);
			name = Frameworks;
			sourceTree = "<group>";
		};
		607FACC71AFB9204008FA782 = {
			isa = PBXGroup;
			children = (
				10067930222851CF007386A7 /* README.md */,
				10067935222BE178007386A7 /* documentation.md */,
				607FACF51AFB993E008FA782 /* Podspec Metadata */,
				101FEA3B221B4EE400C70FE6 /* StubKitExample */,
				101FEA46221B4EE400C70FE6 /* StubKitExampleTests */,
				607FACD11AFB9204008FA782 /* Products */,
				929275516752F211D58FF670 /* Pods */,
				34F9EBBBE49770C035348730 /* Frameworks */,
			);
			sourceTree = "<group>";
		};
		607FACD11AFB9204008FA782 /* Products */ = {
			isa = PBXGroup;
			children = (
				101FEA3A221B4EE400C70FE6 /* StubKitExample.framework */,
				101FEA42221B4EE400C70FE6 /* StubKitExampleTests.xctest */,
			);
			name = Products;
			sourceTree = "<group>";
		};
		607FACF51AFB993E008FA782 /* Podspec Metadata */ = {
			isa = PBXGroup;
			children = (
				7F4FD1EA4F21A23D12DC39EF /* StubKit.podspec */,
				C88F310B002FAD416BAA3FCC /* README.md */,
				15E889CDDEE965D3C70C01AF /* LICENSE */,
			);
			name = "Podspec Metadata";
			sourceTree = "<group>";
		};
		929275516752F211D58FF670 /* Pods */ = {
			isa = PBXGroup;
			children = (
				FB2561A9C9BF064F2A2863E7 /* Pods-StubKitExample.debug.xcconfig */,
				CBE2FDD2BC675DB11757BD0D /* Pods-StubKitExample.release.xcconfig */,
				455150DF30D081B8E2481DB1 /* Pods-StubKitExampleTests.debug.xcconfig */,
				BEF71174EF6E7A471B6604F4 /* Pods-StubKitExampleTests.release.xcconfig */,
			);
			name = Pods;
			sourceTree = "<group>";
		};
/* End PBXGroup section */

/* Begin PBXHeadersBuildPhase section */
		101FEA35221B4EE400C70FE6 /* Headers */ = {
			isa = PBXHeadersBuildPhase;
			buildActionMask = 2147483647;
			files = (
				101FEA4A221B4EE400C70FE6 /* StubKitExample.h in Headers */,
			);
			runOnlyForDeploymentPostprocessing = 0;
		};
/* End PBXHeadersBuildPhase section */

/* Begin PBXNativeTarget section */
		101FEA39221B4EE400C70FE6 /* StubKitExample */ = {
			isa = PBXNativeTarget;
			buildConfigurationList = 101FEA4B221B4EE400C70FE6 /* Build configuration list for PBXNativeTarget "StubKitExample" */;
			buildPhases = (
				AFCB6CE0DAC24B33737CBB8C /* [CP] Check Pods Manifest.lock */,
				101FEA35221B4EE400C70FE6 /* Headers */,
				101FEA36221B4EE400C70FE6 /* Sources */,
				101FEA37221B4EE400C70FE6 /* Frameworks */,
				101FEA38221B4EE400C70FE6 /* Resources */,
			);
			buildRules = (
			);
			dependencies = (
			);
			name = StubKitExample;
			productName = StubKitExample;
			productReference = 101FEA3A221B4EE400C70FE6 /* StubKitExample.framework */;
			productType = "com.apple.product-type.framework";
		};
		101FEA41221B4EE400C70FE6 /* StubKitExampleTests */ = {
			isa = PBXNativeTarget;
			buildConfigurationList = 101FEA4E221B4EE400C70FE6 /* Build configuration list for PBXNativeTarget "StubKitExampleTests" */;
			buildPhases = (
				A98B1629D39345B0E88A6503 /* [CP] Check Pods Manifest.lock */,
				101FEA3E221B4EE400C70FE6 /* Sources */,
				101FEA3F221B4EE400C70FE6 /* Frameworks */,
				101FEA40221B4EE400C70FE6 /* Resources */,
			);
			buildRules = (
			);
			dependencies = (
				101FEA45221B4EE400C70FE6 /* PBXTargetDependency */,
			);
			name = StubKitExampleTests;
			productName = StubKitExampleTests;
			productReference = 101FEA42221B4EE400C70FE6 /* StubKitExampleTests.xctest */;
			productType = "com.apple.product-type.bundle.unit-test";
		};
/* End PBXNativeTarget section */

/* Begin PBXProject section */
		607FACC81AFB9204008FA782 /* Project object */ = {
			isa = PBXProject;
			attributes = {
				LastSwiftUpdateCheck = 1010;
				LastUpgradeCheck = 1010;
				ORGANIZATIONNAME = CocoaPods;
				TargetAttributes = {
					101FEA39221B4EE400C70FE6 = {
						CreatedOnToolsVersion = 10.1;
						ProvisioningStyle = Automatic;
					};
					101FEA41221B4EE400C70FE6 = {
						CreatedOnToolsVersion = 10.1;
						ProvisioningStyle = Automatic;
					};
				};
			};
			buildConfigurationList = 607FACCB1AFB9204008FA782 /* Build configuration list for PBXProject "StubKitExample" */;
			compatibilityVersion = "Xcode 3.2";
			developmentRegion = English;
			hasScannedForEncodings = 0;
			knownRegions = (
				en,
				Base,
			);
			mainGroup = 607FACC71AFB9204008FA782;
			productRefGroup = 607FACD11AFB9204008FA782 /* Products */;
			projectDirPath = "";
			projectRoot = "";
			targets = (
				101FEA39221B4EE400C70FE6 /* StubKitExample */,
				101FEA41221B4EE400C70FE6 /* StubKitExampleTests */,
			);
		};
/* End PBXProject section */

/* Begin PBXResourcesBuildPhase section */
		101FEA38221B4EE400C70FE6 /* Resources */ = {
			isa = PBXResourcesBuildPhase;
			buildActionMask = 2147483647;
			files = (
			);
			runOnlyForDeploymentPostprocessing = 0;
		};
		101FEA40221B4EE400C70FE6 /* Resources */ = {
			isa = PBXResourcesBuildPhase;
			buildActionMask = 2147483647;
			files = (
			);
			runOnlyForDeploymentPostprocessing = 0;
		};
/* End PBXResourcesBuildPhase section */

/* Begin PBXShellScriptBuildPhase section */
		A98B1629D39345B0E88A6503 /* [CP] Check Pods Manifest.lock */ = {
			isa = PBXShellScriptBuildPhase;
			buildActionMask = 2147483647;
			files = (
			);
			inputFileListPaths = (
			);
			inputPaths = (
				"${PODS_PODFILE_DIR_PATH}/Podfile.lock",
				"${PODS_ROOT}/Manifest.lock",
			);
			name = "[CP] Check Pods Manifest.lock";
			outputFileListPaths = (
			);
			outputPaths = (
				"$(DERIVED_FILE_DIR)/Pods-StubKitExampleTests-checkManifestLockResult.txt",
			);
			runOnlyForDeploymentPostprocessing = 0;
			shellPath = /bin/sh;
			shellScript = "diff \"${PODS_PODFILE_DIR_PATH}/Podfile.lock\" \"${PODS_ROOT}/Manifest.lock\" > /dev/null\nif [ $? != 0 ] ; then\n    # print error to STDERR\n    echo \"error: The sandbox is not in sync with the Podfile.lock. Run 'pod install' or update your CocoaPods installation.\" >&2\n    exit 1\nfi\n# This output is used by Xcode 'outputs' to avoid re-running this script phase.\necho \"SUCCESS\" > \"${SCRIPT_OUTPUT_FILE_0}\"\n";
			showEnvVarsInLog = 0;
		};
		AFCB6CE0DAC24B33737CBB8C /* [CP] Check Pods Manifest.lock */ = {
			isa = PBXShellScriptBuildPhase;
			buildActionMask = 2147483647;
			files = (
			);
			inputFileListPaths = (
			);
			inputPaths = (
				"${PODS_PODFILE_DIR_PATH}/Podfile.lock",
				"${PODS_ROOT}/Manifest.lock",
			);
			name = "[CP] Check Pods Manifest.lock";
			outputFileListPaths = (
			);
			outputPaths = (
				"$(DERIVED_FILE_DIR)/Pods-StubKitExample-checkManifestLockResult.txt",
			);
			runOnlyForDeploymentPostprocessing = 0;
			shellPath = /bin/sh;
			shellScript = "diff \"${PODS_PODFILE_DIR_PATH}/Podfile.lock\" \"${PODS_ROOT}/Manifest.lock\" > /dev/null\nif [ $? != 0 ] ; then\n    # print error to STDERR\n    echo \"error: The sandbox is not in sync with the Podfile.lock. Run 'pod install' or update your CocoaPods installation.\" >&2\n    exit 1\nfi\n# This output is used by Xcode 'outputs' to avoid re-running this script phase.\necho \"SUCCESS\" > \"${SCRIPT_OUTPUT_FILE_0}\"\n";
			showEnvVarsInLog = 0;
		};
/* End PBXShellScriptBuildPhase section */

/* Begin PBXSourcesBuildPhase section */
		101FEA36221B4EE400C70FE6 /* Sources */ = {
			isa = PBXSourcesBuildPhase;
			buildActionMask = 2147483647;
			files = (
				1054B198221F435100F7224B /* Dummy.swift in Sources */,
			);
			runOnlyForDeploymentPostprocessing = 0;
		};
		101FEA3E221B4EE400C70FE6 /* Sources */ = {
			isa = PBXSourcesBuildPhase;
			buildActionMask = 2147483647;
			files = (
				10A1F0BA22217C130046A49B /* RegisterTests.swift in Sources */,
				101FEA51221B4EF100C70FE6 /* SpiesTests.swift in Sources */,
				104727A42222A34800D04886 /* TestStubThrowingMock.swift in Sources */,
				10010564222EF5BA00917BB1 /* SetupTests.swift in Sources */,
				10722780223425F800C68B43 /* VerifyTests.swift in Sources */,
				104727A22222A31900D04886 /* TestStubMock.swift in Sources */,
				104727A62222A37800D04886 /* SpyCallsThrowingTests.swift in Sources */,
				10A1F0C52221A0730046A49B /* NiceStubTests.swift in Sources */,
				10A1F0BF22219F7A0046A49B /* TypesGlobal.swift in Sources */,
				10A20E132236C54C0044E454 /* SequenceCallbacksTests.swift in Sources */,
				10A1F0B822213D6A0046A49B /* StubThrowingTests.swift in Sources */,
				10A1F0C122219FB40046A49B /* TestStrictStubMockGlobal.swift in Sources */,
				104727A022229F8200D04886 /* SpyCallsTests.swift in Sources */,
				101FEA55221B53F200C70FE6 /* WeakScopeWorker.swift in Sources */,
				10C1C5DB22350A2700ED3088 /* StubExpectationTests.swift in Sources */,
				101FEA59221B588700C70FE6 /* StubTests.swift in Sources */,
				1006793422288058007386A7 /* RecorderEquatableTests.swift in Sources */,
				101FEA53221B50D400C70FE6 /* ArgRecordsTests.swift in Sources */,
				10A1F0BD22219F660046A49B /* TestProtocolGlobal.swift in Sources */,
				10A20E152236D3E50044E454 /* AsyncVerificationTests.swift in Sources */,
				101FEA57221B54CE00C70FE6 /* ArgWeakRecordsTests.swift in Sources */,
				10C1C5E122355C1800ED3088 /* VerifyFailingTests.swift in Sources */,
				10A1F0C322219FEC0046A49B /* TestProtocolGlobalThrowing.swift in Sources */,
				10A1F0C72221A83C0046A49B /* NiceStubThrowingTests.swift in Sources */,
			);
			runOnlyForDeploymentPostprocessing = 0;
		};
/* End PBXSourcesBuildPhase section */

/* Begin PBXTargetDependency section */
		101FEA45221B4EE400C70FE6 /* PBXTargetDependency */ = {
			isa = PBXTargetDependency;
			target = 101FEA39221B4EE400C70FE6 /* StubKitExample */;
			targetProxy = 101FEA44221B4EE400C70FE6 /* PBXContainerItemProxy */;
		};
/* End PBXTargetDependency section */

/* Begin XCBuildConfiguration section */
		101FEA4C221B4EE400C70FE6 /* Debug */ = {
			isa = XCBuildConfiguration;
			baseConfigurationReference = FB2561A9C9BF064F2A2863E7 /* Pods-StubKitExample.debug.xcconfig */;
			buildSettings = {
				CLANG_ANALYZER_NONNULL = YES;
				CLANG_ANALYZER_NUMBER_OBJECT_CONVERSION = YES_AGGRESSIVE;
				CLANG_CXX_LANGUAGE_STANDARD = "gnu++14";
				CLANG_ENABLE_OBJC_WEAK = YES;
				CLANG_WARN_DEPRECATED_OBJC_IMPLEMENTATIONS = YES;
				CLANG_WARN_DOCUMENTATION_COMMENTS = YES;
				CLANG_WARN_OBJC_IMPLICIT_RETAIN_SELF = YES;
				CLANG_WARN_UNGUARDED_AVAILABILITY = YES_AGGRESSIVE;
				CODE_SIGN_IDENTITY = "";
				CODE_SIGN_STYLE = Automatic;
				CURRENT_PROJECT_VERSION = 1;
				DEBUG_INFORMATION_FORMAT = dwarf;
				DEFINES_MODULE = YES;
				DYLIB_COMPATIBILITY_VERSION = 1;
				DYLIB_CURRENT_VERSION = 1;
				DYLIB_INSTALL_NAME_BASE = "@rpath";
				GCC_C_LANGUAGE_STANDARD = gnu11;
				INFOPLIST_FILE = StubKitExample/Info.plist;
				INSTALL_PATH = "$(LOCAL_LIBRARY_DIR)/Frameworks";
				IPHONEOS_DEPLOYMENT_TARGET = 10.0;
				LD_RUNPATH_SEARCH_PATHS = "$(inherited) @executable_path/Frameworks @loader_path/Frameworks";
				MTL_ENABLE_DEBUG_INFO = INCLUDE_SOURCE;
				MTL_FAST_MATH = YES;
				PRODUCT_BUNDLE_IDENTIFIER = com.polaczyk.StubKitExample;
				PRODUCT_NAME = "$(TARGET_NAME:c99extidentifier)";
				SKIP_INSTALL = YES;
				SWIFT_ACTIVE_COMPILATION_CONDITIONS = DEBUG;
				SWIFT_VERSION = 4.2;
				TARGETED_DEVICE_FAMILY = "1,2";
				VERSIONING_SYSTEM = "apple-generic";
				VERSION_INFO_PREFIX = "";
			};
			name = Debug;
		};
		101FEA4D221B4EE400C70FE6 /* Release */ = {
			isa = XCBuildConfiguration;
			baseConfigurationReference = CBE2FDD2BC675DB11757BD0D /* Pods-StubKitExample.release.xcconfig */;
			buildSettings = {
				CLANG_ANALYZER_NONNULL = YES;
				CLANG_ANALYZER_NUMBER_OBJECT_CONVERSION = YES_AGGRESSIVE;
				CLANG_CXX_LANGUAGE_STANDARD = "gnu++14";
				CLANG_ENABLE_OBJC_WEAK = YES;
				CLANG_WARN_DEPRECATED_OBJC_IMPLEMENTATIONS = YES;
				CLANG_WARN_DOCUMENTATION_COMMENTS = YES;
				CLANG_WARN_OBJC_IMPLICIT_RETAIN_SELF = YES;
				CLANG_WARN_UNGUARDED_AVAILABILITY = YES_AGGRESSIVE;
				CODE_SIGN_IDENTITY = "";
				CODE_SIGN_STYLE = Automatic;
				CURRENT_PROJECT_VERSION = 1;
				DEFINES_MODULE = YES;
				DYLIB_COMPATIBILITY_VERSION = 1;
				DYLIB_CURRENT_VERSION = 1;
				DYLIB_INSTALL_NAME_BASE = "@rpath";
				GCC_C_LANGUAGE_STANDARD = gnu11;
				INFOPLIST_FILE = StubKitExample/Info.plist;
				INSTALL_PATH = "$(LOCAL_LIBRARY_DIR)/Frameworks";
				IPHONEOS_DEPLOYMENT_TARGET = 10.0;
				LD_RUNPATH_SEARCH_PATHS = "$(inherited) @executable_path/Frameworks @loader_path/Frameworks";
				MTL_FAST_MATH = YES;
				PRODUCT_BUNDLE_IDENTIFIER = com.polaczyk.StubKitExample;
				PRODUCT_NAME = "$(TARGET_NAME:c99extidentifier)";
				SKIP_INSTALL = YES;
				SWIFT_VERSION = 4.2;
				TARGETED_DEVICE_FAMILY = "1,2";
				VERSIONING_SYSTEM = "apple-generic";
				VERSION_INFO_PREFIX = "";
			};
			name = Release;
		};
		101FEA4F221B4EE400C70FE6 /* Debug */ = {
			isa = XCBuildConfiguration;
			baseConfigurationReference = 455150DF30D081B8E2481DB1 /* Pods-StubKitExampleTests.debug.xcconfig */;
			buildSettings = {
				CLANG_ANALYZER_NONNULL = YES;
				CLANG_ANALYZER_NUMBER_OBJECT_CONVERSION = YES_AGGRESSIVE;
				CLANG_CXX_LANGUAGE_STANDARD = "gnu++14";
				CLANG_ENABLE_OBJC_WEAK = YES;
				CLANG_WARN_DEPRECATED_OBJC_IMPLEMENTATIONS = YES;
				CLANG_WARN_DOCUMENTATION_COMMENTS = YES;
				CLANG_WARN_OBJC_IMPLICIT_RETAIN_SELF = YES;
				CLANG_WARN_UNGUARDED_AVAILABILITY = YES_AGGRESSIVE;
				CODE_SIGN_IDENTITY = "iPhone Developer";
				CODE_SIGN_STYLE = Automatic;
				DEBUG_INFORMATION_FORMAT = dwarf;
				GCC_C_LANGUAGE_STANDARD = gnu11;
				INFOPLIST_FILE = StubKitExampleTests/Info.plist;
				IPHONEOS_DEPLOYMENT_TARGET = 12.1;
				LD_RUNPATH_SEARCH_PATHS = "$(inherited) @executable_path/Frameworks @loader_path/Frameworks";
				MTL_ENABLE_DEBUG_INFO = INCLUDE_SOURCE;
				MTL_FAST_MATH = YES;
				PRODUCT_BUNDLE_IDENTIFIER = com.polaczyk.StubKitExampleTests;
				PRODUCT_NAME = "$(TARGET_NAME)";
				SWIFT_ACTIVE_COMPILATION_CONDITIONS = DEBUG;
				SWIFT_VERSION = 4.2;
				TARGETED_DEVICE_FAMILY = "1,2";
			};
			name = Debug;
		};
		101FEA50221B4EE400C70FE6 /* Release */ = {
			isa = XCBuildConfiguration;
			baseConfigurationReference = BEF71174EF6E7A471B6604F4 /* Pods-StubKitExampleTests.release.xcconfig */;
			buildSettings = {
				CLANG_ANALYZER_NONNULL = YES;
				CLANG_ANALYZER_NUMBER_OBJECT_CONVERSION = YES_AGGRESSIVE;
				CLANG_CXX_LANGUAGE_STANDARD = "gnu++14";
				CLANG_ENABLE_OBJC_WEAK = YES;
				CLANG_WARN_DEPRECATED_OBJC_IMPLEMENTATIONS = YES;
				CLANG_WARN_DOCUMENTATION_COMMENTS = YES;
				CLANG_WARN_OBJC_IMPLICIT_RETAIN_SELF = YES;
				CLANG_WARN_UNGUARDED_AVAILABILITY = YES_AGGRESSIVE;
				CODE_SIGN_IDENTITY = "iPhone Developer";
				CODE_SIGN_STYLE = Automatic;
				GCC_C_LANGUAGE_STANDARD = gnu11;
				INFOPLIST_FILE = StubKitExampleTests/Info.plist;
				IPHONEOS_DEPLOYMENT_TARGET = 12.1;
				LD_RUNPATH_SEARCH_PATHS = "$(inherited) @executable_path/Frameworks @loader_path/Frameworks";
				MTL_FAST_MATH = YES;
				PRODUCT_BUNDLE_IDENTIFIER = com.polaczyk.StubKitExampleTests;
				PRODUCT_NAME = "$(TARGET_NAME)";
				SWIFT_VERSION = 4.2;
				TARGETED_DEVICE_FAMILY = "1,2";
			};
			name = Release;
		};
		607FACED1AFB9204008FA782 /* Debug */ = {
			isa = XCBuildConfiguration;
			buildSettings = {
				ALWAYS_SEARCH_USER_PATHS = NO;
				CLANG_CXX_LANGUAGE_STANDARD = "gnu++0x";
				CLANG_CXX_LIBRARY = "libc++";
				CLANG_ENABLE_MODULES = YES;
				CLANG_ENABLE_OBJC_ARC = YES;
				CLANG_WARN_BLOCK_CAPTURE_AUTORELEASING = YES;
				CLANG_WARN_BOOL_CONVERSION = YES;
				CLANG_WARN_COMMA = YES;
				CLANG_WARN_CONSTANT_CONVERSION = YES;
				CLANG_WARN_DEPRECATED_OBJC_IMPLEMENTATIONS = YES;
				CLANG_WARN_DIRECT_OBJC_ISA_USAGE = YES_ERROR;
				CLANG_WARN_EMPTY_BODY = YES;
				CLANG_WARN_ENUM_CONVERSION = YES;
				CLANG_WARN_INFINITE_RECURSION = YES;
				CLANG_WARN_INT_CONVERSION = YES;
				CLANG_WARN_NON_LITERAL_NULL_CONVERSION = YES;
				CLANG_WARN_OBJC_IMPLICIT_RETAIN_SELF = YES;
				CLANG_WARN_OBJC_LITERAL_CONVERSION = YES;
				CLANG_WARN_OBJC_ROOT_CLASS = YES_ERROR;
				CLANG_WARN_RANGE_LOOP_ANALYSIS = YES;
				CLANG_WARN_STRICT_PROTOTYPES = YES;
				CLANG_WARN_SUSPICIOUS_MOVE = YES;
				CLANG_WARN_UNREACHABLE_CODE = YES;
				CLANG_WARN__DUPLICATE_METHOD_MATCH = YES;
				"CODE_SIGN_IDENTITY[sdk=iphoneos*]" = "iPhone Developer";
				COPY_PHASE_STRIP = NO;
				DEBUG_INFORMATION_FORMAT = "dwarf-with-dsym";
				ENABLE_STRICT_OBJC_MSGSEND = YES;
				ENABLE_TESTABILITY = YES;
				GCC_C_LANGUAGE_STANDARD = gnu99;
				GCC_DYNAMIC_NO_PIC = NO;
				GCC_NO_COMMON_BLOCKS = YES;
				GCC_OPTIMIZATION_LEVEL = 0;
				GCC_PREPROCESSOR_DEFINITIONS = (
					"DEBUG=1",
					"$(inherited)",
				);
				GCC_SYMBOLS_PRIVATE_EXTERN = NO;
				GCC_WARN_64_TO_32_BIT_CONVERSION = YES;
				GCC_WARN_ABOUT_RETURN_TYPE = YES_ERROR;
				GCC_WARN_UNDECLARED_SELECTOR = YES;
				GCC_WARN_UNINITIALIZED_AUTOS = YES_AGGRESSIVE;
				GCC_WARN_UNUSED_FUNCTION = YES;
				GCC_WARN_UNUSED_VARIABLE = YES;
				IPHONEOS_DEPLOYMENT_TARGET = 9.3;
				MTL_ENABLE_DEBUG_INFO = YES;
				ONLY_ACTIVE_ARCH = YES;
				SDKROOT = iphoneos;
				SWIFT_OPTIMIZATION_LEVEL = "-Onone";
			};
			name = Debug;
		};
		607FACEE1AFB9204008FA782 /* Release */ = {
			isa = XCBuildConfiguration;
			buildSettings = {
				ALWAYS_SEARCH_USER_PATHS = NO;
				CLANG_CXX_LANGUAGE_STANDARD = "gnu++0x";
				CLANG_CXX_LIBRARY = "libc++";
				CLANG_ENABLE_MODULES = YES;
				CLANG_ENABLE_OBJC_ARC = YES;
				CLANG_WARN_BLOCK_CAPTURE_AUTORELEASING = YES;
				CLANG_WARN_BOOL_CONVERSION = YES;
				CLANG_WARN_COMMA = YES;
				CLANG_WARN_CONSTANT_CONVERSION = YES;
				CLANG_WARN_DEPRECATED_OBJC_IMPLEMENTATIONS = YES;
				CLANG_WARN_DIRECT_OBJC_ISA_USAGE = YES_ERROR;
				CLANG_WARN_EMPTY_BODY = YES;
				CLANG_WARN_ENUM_CONVERSION = YES;
				CLANG_WARN_INFINITE_RECURSION = YES;
				CLANG_WARN_INT_CONVERSION = YES;
				CLANG_WARN_NON_LITERAL_NULL_CONVERSION = YES;
				CLANG_WARN_OBJC_IMPLICIT_RETAIN_SELF = YES;
				CLANG_WARN_OBJC_LITERAL_CONVERSION = YES;
				CLANG_WARN_OBJC_ROOT_CLASS = YES_ERROR;
				CLANG_WARN_RANGE_LOOP_ANALYSIS = YES;
				CLANG_WARN_STRICT_PROTOTYPES = YES;
				CLANG_WARN_SUSPICIOUS_MOVE = YES;
				CLANG_WARN_UNREACHABLE_CODE = YES;
				CLANG_WARN__DUPLICATE_METHOD_MATCH = YES;
				"CODE_SIGN_IDENTITY[sdk=iphoneos*]" = "iPhone Developer";
				COPY_PHASE_STRIP = NO;
				DEBUG_INFORMATION_FORMAT = "dwarf-with-dsym";
				ENABLE_NS_ASSERTIONS = NO;
				ENABLE_STRICT_OBJC_MSGSEND = YES;
				GCC_C_LANGUAGE_STANDARD = gnu99;
				GCC_NO_COMMON_BLOCKS = YES;
				GCC_WARN_64_TO_32_BIT_CONVERSION = YES;
				GCC_WARN_ABOUT_RETURN_TYPE = YES_ERROR;
				GCC_WARN_UNDECLARED_SELECTOR = YES;
				GCC_WARN_UNINITIALIZED_AUTOS = YES_AGGRESSIVE;
				GCC_WARN_UNUSED_FUNCTION = YES;
				GCC_WARN_UNUSED_VARIABLE = YES;
				IPHONEOS_DEPLOYMENT_TARGET = 9.3;
				MTL_ENABLE_DEBUG_INFO = NO;
				SDKROOT = iphoneos;
				SWIFT_OPTIMIZATION_LEVEL = "-Owholemodule";
				VALIDATE_PRODUCT = YES;
			};
			name = Release;
		};
/* End XCBuildConfiguration section */

/* Begin XCConfigurationList section */
		101FEA4B221B4EE400C70FE6 /* Build configuration list for PBXNativeTarget "StubKitExample" */ = {
			isa = XCConfigurationList;
			buildConfigurations = (
				101FEA4C221B4EE400C70FE6 /* Debug */,
				101FEA4D221B4EE400C70FE6 /* Release */,
			);
			defaultConfigurationIsVisible = 0;
			defaultConfigurationName = Release;
		};
		101FEA4E221B4EE400C70FE6 /* Build configuration list for PBXNativeTarget "StubKitExampleTests" */ = {
			isa = XCConfigurationList;
			buildConfigurations = (
				101FEA4F221B4EE400C70FE6 /* Debug */,
				101FEA50221B4EE400C70FE6 /* Release */,
			);
			defaultConfigurationIsVisible = 0;
			defaultConfigurationName = Release;
		};
		607FACCB1AFB9204008FA782 /* Build configuration list for PBXProject "StubKitExample" */ = {
			isa = XCConfigurationList;
			buildConfigurations = (
				607FACED1AFB9204008FA782 /* Debug */,
				607FACEE1AFB9204008FA782 /* Release */,
			);
			defaultConfigurationIsVisible = 0;
			defaultConfigurationName = Release;
		};
/* End XCConfigurationList section */
	};
	rootObject = 607FACC81AFB9204008FA782 /* Project object */;
}
